
Microsoft Visual Studio Solution File, Format Version 12.00
Project("{FAE04EC0-301F-11D3-BF4B-00C04F79EFBC}") = "PepperZ", "PepperZ\PepperZ.csproj", "{3C28F212-946E-459F-8F14-A386899658A7}"
EndProject
Project("{FAE04EC0-301F-11D3-BF4B-00C04F79EFBC}") = "PepperZ.Tests", "PepperZ.Tests\PepperZ.Tests.csproj", "{BBD91B80-A790-4AE5-87A4-0636258E6A48}"
EndProject
Project("{2150E333-8FDC-42A3-9474-1A3956D46DE8}") = "Files", "Files", "{821B4ACF-F192-44EA-866A-75A798E89ECB}"
	ProjectSection(SolutionItems) = preProject
		README.md = README.md
	EndProjectSection
EndProject
Global
	GlobalSection(SolutionConfigurationPlatforms) = preSolution
		Debug|Any CPU = Debug|Any CPU
		Release|Any CPU = Release|Any CPU
	EndGlobalSection
	GlobalSection(ProjectConfigurationPlatforms) = postSolution
		{3C28F212-946E-459F-8F14-A386899658A7}.Debug|Any CPU.ActiveCfg = Debug|Any CPU
		{3C28F212-946E-459F-8F14-A386899658A7}.Debug|Any CPU.Build.0 = Debug|Any CPU
		{3C28F212-946E-459F-8F14-A386899658A7}.Release|Any CPU.ActiveCfg = Release|Any CPU
		{3C28F212-946E-459F-8F14-A386899658A7}.Release|Any CPU.Build.0 = Release|Any CPU
		{BBD91B80-A790-4AE5-87A4-0636258E6A48}.Debug|Any CPU.ActiveCfg = Debug|Any CPU
		{BBD91B80-A790-4AE5-87A4-0636258E6A48}.Debug|Any CPU.Build.0 = Debug|Any CPU
		{BBD91B80-A790-4AE5-87A4-0636258E6A48}.Release|Any CPU.ActiveCfg = Release|Any CPU
		{BBD91B80-A790-4AE5-87A4-0636258E6A48}.Release|Any CPU.Build.0 = Release|Any CPU
	EndGlobalSection
EndGlobal
